
Microsoft Visual Studio Solution File, Format Version 12.00
# Visual Studio 2012
Project("{FAE04EC0-301F-11D3-BF4B-00C04F79EFBC}") = "AW.Web", "AW.Web\AW.Web.csproj", "{B5B54789-9221-4C05-B7C6-46F04E494AA1}"
EndProject
Project("{FAE04EC0-301F-11D3-BF4B-00C04F79EFBC}") = "AW.Repositories", "AW.Repositories\AW.Repositories.csproj", "{7E799B54-A553-4F13-ADB0-313E2EDABE00}"
EndProject
Project("{FAE04EC0-301F-11D3-BF4B-00C04F79EFBC}") = "AW.Tests", "AW.Tests\AW.Tests.csproj", "{0A8557CC-DF36-4764-AD9A-6F8E9D7DD645}"
EndProject
Global
	GlobalSection(SolutionConfigurationPlatforms) = preSolution
		Debug|Any CPU = Debug|Any CPU
		Release|Any CPU = Release|Any CPU
	EndGlobalSection
	GlobalSection(ProjectConfigurationPlatforms) = postSolution
		{B5B54789-9221-4C05-B7C6-46F04E494AA1}.Debug|Any CPU.ActiveCfg = Debug|Any CPU
		{B5B54789-9221-4C05-B7C6-46F04E494AA1}.Debug|Any CPU.Build.0 = Debug|Any CPU
		{B5B54789-9221-4C05-B7C6-46F04E494AA1}.Release|Any CPU.ActiveCfg = Release|Any CPU
		{B5B54789-9221-4C05-B7C6-46F04E494AA1}.Release|Any CPU.Build.0 = Release|Any CPU
		{7E799B54-A553-4F13-ADB0-313E2EDABE00}.Debug|Any CPU.ActiveCfg = Debug|Any CPU
		{7E799B54-A553-4F13-ADB0-313E2EDABE00}.Debug|Any CPU.Build.0 = Debug|Any CPU
		{7E799B54-A553-4F13-ADB0-313E2EDABE00}.Release|Any CPU.ActiveCfg = Release|Any CPU
		{7E799B54-A553-4F13-ADB0-313E2EDABE00}.Release|Any CPU.Build.0 = Release|Any CPU
		{0A8557CC-DF36-4764-AD9A-6F8E9D7DD645}.Debug|Any CPU.ActiveCfg = Debug|Any CPU
		{0A8557CC-DF36-4764-AD9A-6F8E9D7DD645}.Debug|Any CPU.Build.0 = Debug|Any CPU
		{0A8557CC-DF36-4764-AD9A-6F8E9D7DD645}.Release|Any CPU.ActiveCfg = Release|Any CPU
		{0A8557CC-DF36-4764-AD9A-6F8E9D7DD645}.Release|Any CPU.Build.0 = Release|Any CPU
	EndGlobalSection
	GlobalSection(SolutionProperties) = preSolution
		HideSolutionNode = FALSE
	EndGlobalSection
EndGlobal
